
Microsoft Visual Studio Solution File, Format Version 12.00
# Visual Studio Version 17
VisualStudioVersion = 17.0.32126.317
MinimumVisualStudioVersion = 10.0.40219.1
Project("{8BC9CEB8-8B4A-11D0-8D11-00A0C91BC942}") = "Assign06-CodeHunter", "Assign06-CodeHunter.vcxproj", "{137FF4A7-B621-4529-95E9-191F35831E3E}"
EndProject
Global
	GlobalSection(SolutionConfigurationPlatforms) = preSolution
		Debug|x64 = Debug|x64
		Debug|x86 = Debug|x86
		Release|x64 = Release|x64
		Release|x86 = Release|x86
	EndGlobalSection
	GlobalSection(ProjectConfigurationPlatforms) = postSolution
		{137FF4A7-B621-4529-95E9-191F35831E3E}.Debug|x64.ActiveCfg = Debug|x64
		{137FF4A7-B621-4529-95E9-191F35831E3E}.Debug|x64.Build.0 = Debug|x64
		{137FF4A7-B621-4529-95E9-191F35831E3E}.Debug|x86.ActiveCfg = Debug|Win32
		{137FF4A7-B621-4529-95E9-191F35831E3E}.Debug|x86.Build.0 = Debug|Win32
		{137FF4A7-B621-4529-95E9-191F35831E3E}.Release|x64.ActiveCfg = Release|x64
		{137FF4A7-B621-4529-95E9-191F35831E3E}.Release|x64.Build.0 = Release|x64
		{137FF4A7-B621-4529-95E9-191F35831E3E}.Release|x86.ActiveCfg = Release|Win32
		{137FF4A7-B621-4529-95E9-191F35831E3E}.Release|x86.Build.0 = Release|Win32
	EndGlobalSection
	GlobalSection(SolutionProperties) = preSolution
		HideSolutionNode = FALSE
	EndGlobalSection
	GlobalSection(ExtensibilityGlobals) = postSolution
		SolutionGuid = {1E69F3A1-A963-47A4-919A-4F367B8CA0D7}
	EndGlobalSection
EndGlobal
